
Microsoft Visual Studio Solution File, Format Version 12.00
# Visual Studio Version 16
VisualStudioVersion = 16.0.30011.22
MinimumVisualStudioVersion = 10.0.40219.1
Project("{9A19103F-16F7-4668-BE54-9A1E7A4F7556}") = "QRScanner", "QRScanner\QRScanner.csproj", "{9DCF1C0E-8E94-4EB0-8947-47162BC7928A}"
EndProject
Project("{FAE04EC0-301F-11D3-BF4B-00C04F79EFBC}") = "QRCodeUI", "QRCodeUI\QRCodeUI.csproj", "{88D8BA3D-317A-4829-ADE6-DEE85B913AE9}"
EndProject
Global
	GlobalSection(SolutionConfigurationPlatforms) = preSolution
		Debug|Any CPU = Debug|Any CPU
		Release|Any CPU = Release|Any CPU
	EndGlobalSection
	GlobalSection(ProjectConfigurationPlatforms) = postSolution
		{9DCF1C0E-8E94-4EB0-8947-47162BC7928A}.Debug|Any CPU.ActiveCfg = Debug|Any CPU
		{9DCF1C0E-8E94-4EB0-8947-47162BC7928A}.Debug|Any CPU.Build.0 = Debug|Any CPU
		{9DCF1C0E-8E94-4EB0-8947-47162BC7928A}.Release|Any CPU.ActiveCfg = Release|Any CPU
		{9DCF1C0E-8E94-4EB0-8947-47162BC7928A}.Release|Any CPU.Build.0 = Release|Any CPU
		{88D8BA3D-317A-4829-ADE6-DEE85B913AE9}.Debug|Any CPU.ActiveCfg = Debug|Any CPU
		{88D8BA3D-317A-4829-ADE6-DEE85B913AE9}.Debug|Any CPU.Build.0 = Debug|Any CPU
		{88D8BA3D-317A-4829-ADE6-DEE85B913AE9}.Release|Any CPU.ActiveCfg = Release|Any CPU
		{88D8BA3D-317A-4829-ADE6-DEE85B913AE9}.Release|Any CPU.Build.0 = Release|Any CPU
	EndGlobalSection
	GlobalSection(SolutionProperties) = preSolution
		HideSolutionNode = FALSE
	EndGlobalSection
	GlobalSection(ExtensibilityGlobals) = postSolution
		SolutionGuid = {B381AFA9-79E0-4D61-B16A-3F08E3D59252}
	EndGlobalSection
EndGlobal
